
Microsoft Visual Studio Solution File, Format Version 12.00
# Visual Studio Version 17
VisualStudioVersion = 17.5.002.0
MinimumVisualStudioVersion = 10.0.40219.1
Project("{2150E333-8FDC-42A3-9474-1A3956D46DE8}") = "prove", "prove", "{2F13A50B-6DBD-483D-91BC-ADC9086253AB}"
EndProject
Project("{9A19103F-16F7-4668-BE54-9A1E7A4F7556}") = "Develop04", "prove\Develop04\Develop04.csproj", "{3904937C-B2FF-4E48-B3E9-DD6692D48783}"
EndProject
Project("{9A19103F-16F7-4668-BE54-9A1E7A4F7556}") = "Develop03", "prove\Develop03\Develop03.csproj", "{95B2649F-949C-4DD1-AE85-326500C6896D}"
EndProject
Project("{9A19103F-16F7-4668-BE54-9A1E7A4F7556}") = "Develop05", "prove\Develop05\Develop05.csproj", "{FE3F3BD8-7E77-43D7-825B-955CC92E83F5}"
EndProject
Project("{9A19103F-16F7-4668-BE54-9A1E7A4F7556}") = "Develop02", "prove\Develop02\Develop02.csproj", "{92739D25-5849-47A1-A0C8-F2AC22699619}"
EndProject
Project("{2150E333-8FDC-42A3-9474-1A3956D46DE8}") = "csharp-prep", "csharp-prep", "{4D6EED34-F260-4BE0-8FD5-A234383A812F}"
EndProject
Project("{9A19103F-16F7-4668-BE54-9A1E7A4F7556}") = "Prep2", "csharp-prep\Prep2\Prep2.csproj", "{24600BD9-CE1B-4652-9549-106568429179}"
EndProject
Project("{9A19103F-16F7-4668-BE54-9A1E7A4F7556}") = "Prep1", "csharp-prep\Prep1\Prep1.csproj", "{A69FBA5D-4685-44F6-AF01-09AE582F53E9}"
EndProject
Project("{9A19103F-16F7-4668-BE54-9A1E7A4F7556}") = "Prep3", "csharp-prep\Prep3\Prep3.csproj", "{167BEA87-D51B-48FD-8FA7-ECFA9C36FDA9}"
EndProject
Project("{9A19103F-16F7-4668-BE54-9A1E7A4F7556}") = "Prep4", "csharp-prep\Prep4\Prep4.csproj", "{BD5A7B50-6138-4144-B629-12046CFCD626}"
EndProject
Project("{9A19103F-16F7-4668-BE54-9A1E7A4F7556}") = "Prep5", "csharp-prep\Prep5\Prep5.csproj", "{88CBCFFF-90D3-4B32-A6D7-A9A73306FDDF}"
EndProject
Project("{2150E333-8FDC-42A3-9474-1A3956D46DE8}") = "final", "final", "{4887F087-D9FE-4B63-BF75-C429EE432975}"
EndProject
Project("{9A19103F-16F7-4668-BE54-9A1E7A4F7556}") = "Foundation4", "final\Foundation4\Foundation4.csproj", "{77F6D615-9F43-4232-9EC7-58AC549F7139}"
EndProject
Project("{9A19103F-16F7-4668-BE54-9A1E7A4F7556}") = "Foundation2", "final\Foundation2\Foundation2.csproj", "{64FAF04C-88B8-482C-80FE-96691E06B8D5}"
EndProject
Project("{9A19103F-16F7-4668-BE54-9A1E7A4F7556}") = "Foundation3", "final\Foundation3\Foundation3.csproj", "{D42B5688-12D6-4147-B6A5-DBDDE9C3A68A}"
EndProject
Project("{9A19103F-16F7-4668-BE54-9A1E7A4F7556}") = "Foundation1", "final\Foundation1\Foundation1.csproj", "{53FC968F-75A3-405F-B16A-496A3B07485F}"
EndProject
Project("{9A19103F-16F7-4668-BE54-9A1E7A4F7556}") = "FinalProject", "final\FinalProject\FinalProject.csproj", "{B163F6D8-AE60-4662-B4EE-E3B60AE8D661}"
EndProject
Project("{2150E333-8FDC-42A3-9474-1A3956D46DE8}") = "prepare", "prepare", "{91D0B035-E23D-4F39-9CAC-517D274192FF}"
EndProject
Project("{9A19103F-16F7-4668-BE54-9A1E7A4F7556}") = "Learning04", "prepare\Learning04\Learning04.csproj", "{AC2AFD40-5C94-488E-90CE-1B168E1C38AF}"
EndProject
Project("{9A19103F-16F7-4668-BE54-9A1E7A4F7556}") = "Learning03", "prepare\Learning03\Learning03.csproj", "{76E9EC61-726E-4170-85BF-D9C5F112747F}"
EndProject
Project("{9A19103F-16F7-4668-BE54-9A1E7A4F7556}") = "Learning05", "prepare\Learning05\Learning05.csproj", "{83D2DB76-33DF-4F69-9728-5EDC7BFC3823}"
EndProject
Project("{9A19103F-16F7-4668-BE54-9A1E7A4F7556}") = "Learning02", "prepare\Learning02\Learning02.csproj", "{2CDF38FA-70A7-4484-A823-6AA9496DAA1E}"
EndProject
Project("{2150E333-8FDC-42A3-9474-1A3956D46DE8}") = "sandbox", "sandbox", "{13EC8F01-088F-4D8D-86EA-F3E00FA5A35B}"
EndProject
Project("{9A19103F-16F7-4668-BE54-9A1E7A4F7556}") = "Sandbox", "sandbox\Sandbox\Sandbox.csproj", "{1FC312C5-949C-49AB-8BB6-3EB975B56DBB}"
EndProject
Global
	GlobalSection(SolutionConfigurationPlatforms) = preSolution
		Debug|Any CPU = Debug|Any CPU
		Release|Any CPU = Release|Any CPU
	EndGlobalSection
	GlobalSection(ProjectConfigurationPlatforms) = postSolution
		{3904937C-B2FF-4E48-B3E9-DD6692D48783}.Debug|Any CPU.ActiveCfg = Debug|Any CPU
		{3904937C-B2FF-4E48-B3E9-DD6692D48783}.Debug|Any CPU.Build.0 = Debug|Any CPU
		{3904937C-B2FF-4E48-B3E9-DD6692D48783}.Release|Any CPU.ActiveCfg = Release|Any CPU
		{3904937C-B2FF-4E48-B3E9-DD6692D48783}.Release|Any CPU.Build.0 = Release|Any CPU
		{95B2649F-949C-4DD1-AE85-326500C6896D}.Debug|Any CPU.ActiveCfg = Debug|Any CPU
		{95B2649F-949C-4DD1-AE85-326500C6896D}.Debug|Any CPU.Build.0 = Debug|Any CPU
		{95B2649F-949C-4DD1-AE85-326500C6896D}.Release|Any CPU.ActiveCfg = Release|Any CPU
		{95B2649F-949C-4DD1-AE85-326500C6896D}.Release|Any CPU.Build.0 = Release|Any CPU
		{FE3F3BD8-7E77-43D7-825B-955CC92E83F5}.Debug|Any CPU.ActiveCfg = Debug|Any CPU
		{FE3F3BD8-7E77-43D7-825B-955CC92E83F5}.Debug|Any CPU.Build.0 = Debug|Any CPU
		{FE3F3BD8-7E77-43D7-825B-955CC92E83F5}.Release|Any CPU.ActiveCfg = Release|Any CPU
		{FE3F3BD8-7E77-43D7-825B-955CC92E83F5}.Release|Any CPU.Build.0 = Release|Any CPU
		{92739D25-5849-47A1-A0C8-F2AC22699619}.Debug|Any CPU.ActiveCfg = Debug|Any CPU
		{92739D25-5849-47A1-A0C8-F2AC22699619}.Debug|Any CPU.Build.0 = Debug|Any CPU
		{92739D25-5849-47A1-A0C8-F2AC22699619}.Release|Any CPU.ActiveCfg = Release|Any CPU
		{92739D25-5849-47A1-A0C8-F2AC22699619}.Release|Any CPU.Build.0 = Release|Any CPU
		{24600BD9-CE1B-4652-9549-106568429179}.Debug|Any CPU.ActiveCfg = Debug|Any CPU
		{24600BD9-CE1B-4652-9549-106568429179}.Debug|Any CPU.Build.0 = Debug|Any CPU
		{24600BD9-CE1B-4652-9549-106568429179}.Release|Any CPU.ActiveCfg = Release|Any CPU
		{24600BD9-CE1B-4652-9549-106568429179}.Release|Any CPU.Build.0 = Release|Any CPU
		{A69FBA5D-4685-44F6-AF01-09AE582F53E9}.Debug|Any CPU.ActiveCfg = Debug|Any CPU
		{A69FBA5D-4685-44F6-AF01-09AE582F53E9}.Debug|Any CPU.Build.0 = Debug|Any CPU
		{A69FBA5D-4685-44F6-AF01-09AE582F53E9}.Release|Any CPU.ActiveCfg = Release|Any CPU
		{A69FBA5D-4685-44F6-AF01-09AE582F53E9}.Release|Any CPU.Build.0 = Release|Any CPU
		{167BEA87-D51B-48FD-8FA7-ECFA9C36FDA9}.Debug|Any CPU.ActiveCfg = Debug|Any CPU
		{167BEA87-D51B-48FD-8FA7-ECFA9C36FDA9}.Debug|Any CPU.Build.0 = Debug|Any CPU
		{167BEA87-D51B-48FD-8FA7-ECFA9C36FDA9}.Release|Any CPU.ActiveCfg = Release|Any CPU
		{167BEA87-D51B-48FD-8FA7-ECFA9C36FDA9}.Release|Any CPU.Build.0 = Release|Any CPU
		{BD5A7B50-6138-4144-B629-12046CFCD626}.Debug|Any CPU.ActiveCfg = Debug|Any CPU
		{BD5A7B50-6138-4144-B629-12046CFCD626}.Debug|Any CPU.Build.0 = Debug|Any CPU
		{BD5A7B50-6138-4144-B629-12046CFCD626}.Release|Any CPU.ActiveCfg = Release|Any CPU
		{BD5A7B50-6138-4144-B629-12046CFCD626}.Release|Any CPU.Build.0 = Release|Any CPU
		{88CBCFFF-90D3-4B32-A6D7-A9A73306FDDF}.Debug|Any CPU.ActiveCfg = Debug|Any CPU
		{88CBCFFF-90D3-4B32-A6D7-A9A73306FDDF}.Debug|Any CPU.Build.0 = Debug|Any CPU
		{88CBCFFF-90D3-4B32-A6D7-A9A73306FDDF}.Release|Any CPU.ActiveCfg = Release|Any CPU
		{88CBCFFF-90D3-4B32-A6D7-A9A73306FDDF}.Release|Any CPU.Build.0 = Release|Any CPU
		{77F6D615-9F43-4232-9EC7-58AC549F7139}.Debug|Any CPU.ActiveCfg = Debug|Any CPU
		{77F6D615-9F43-4232-9EC7-58AC549F7139}.Debug|Any CPU.Build.0 = Debug|Any CPU
		{77F6D615-9F43-4232-9EC7-58AC549F7139}.Release|Any CPU.ActiveCfg = Release|Any CPU
		{77F6D615-9F43-4232-9EC7-58AC549F7139}.Release|Any CPU.Build.0 = Release|Any CPU
		{64FAF04C-88B8-482C-80FE-96691E06B8D5}.Debug|Any CPU.ActiveCfg = Debug|Any CPU
		{64FAF04C-88B8-482C-80FE-96691E06B8D5}.Debug|Any CPU.Build.0 = Debug|Any CPU
		{64FAF04C-88B8-482C-80FE-96691E06B8D5}.Release|Any CPU.ActiveCfg = Release|Any CPU
		{64FAF04C-88B8-482C-80FE-96691E06B8D5}.Release|Any CPU.Build.0 = Release|Any CPU
		{D42B5688-12D6-4147-B6A5-DBDDE9C3A68A}.Debug|Any CPU.ActiveCfg = Debug|Any CPU
		{D42B5688-12D6-4147-B6A5-DBDDE9C3A68A}.Debug|Any CPU.Build.0 = Debug|Any CPU
		{D42B5688-12D6-4147-B6A5-DBDDE9C3A68A}.Release|Any CPU.ActiveCfg = Release|Any CPU
		{D42B5688-12D6-4147-B6A5-DBDDE9C3A68A}.Release|Any CPU.Build.0 = Release|Any CPU
		{53FC968F-75A3-405F-B16A-496A3B07485F}.Debug|Any CPU.ActiveCfg = Debug|Any CPU
		{53FC968F-75A3-405F-B16A-496A3B07485F}.Debug|Any CPU.Build.0 = Debug|Any CPU
		{53FC968F-75A3-405F-B16A-496A3B07485F}.Release|Any CPU.ActiveCfg = Release|Any CPU
		{53FC968F-75A3-405F-B16A-496A3B07485F}.Release|Any CPU.Build.0 = Release|Any CPU
		{B163F6D8-AE60-4662-B4EE-E3B60AE8D661}.Debug|Any CPU.ActiveCfg = Debug|Any CPU
		{B163F6D8-AE60-4662-B4EE-E3B60AE8D661}.Debug|Any CPU.Build.0 = Debug|Any CPU
		{B163F6D8-AE60-4662-B4EE-E3B60AE8D661}.Release|Any CPU.ActiveCfg = Release|Any CPU
		{B163F6D8-AE60-4662-B4EE-E3B60AE8D661}.Release|Any CPU.Build.0 = Release|Any CPU
		{AC2AFD40-5C94-488E-90CE-1B168E1C38AF}.Debug|Any CPU.ActiveCfg = Debug|Any CPU
		{AC2AFD40-5C94-488E-90CE-1B168E1C38AF}.Debug|Any CPU.Build.0 = Debug|Any CPU
		{AC2AFD40-5C94-488E-90CE-1B168E1C38AF}.Release|Any CPU.ActiveCfg = Release|Any CPU
		{AC2AFD40-5C94-488E-90CE-1B168E1C38AF}.Release|Any CPU.Build.0 = Release|Any CPU
		{76E9EC61-726E-4170-85BF-D9C5F112747F}.Debug|Any CPU.ActiveCfg = Debug|Any CPU
		{76E9EC61-726E-4170-85BF-D9C5F112747F}.Debug|Any CPU.Build.0 = Debug|Any CPU
		{76E9EC61-726E-4170-85BF-D9C5F112747F}.Release|Any CPU.ActiveCfg = Release|Any CPU
		{76E9EC61-726E-4170-85BF-D9C5F112747F}.Release|Any CPU.Build.0 = Release|Any CPU
		{83D2DB76-33DF-4F69-9728-5EDC7BFC3823}.Debug|Any CPU.ActiveCfg = Debug|Any CPU
		{83D2DB76-33DF-4F69-9728-5EDC7BFC3823}.Debug|Any CPU.Build.0 = Debug|Any CPU
		{83D2DB76-33DF-4F69-9728-5EDC7BFC3823}.Release|Any CPU.ActiveCfg = Release|Any CPU
		{83D2DB76-33DF-4F69-9728-5EDC7BFC3823}.Release|Any CPU.Build.0 = Release|Any CPU
		{2CDF38FA-70A7-4484-A823-6AA9496DAA1E}.Debug|Any CPU.ActiveCfg = Debug|Any CPU
		{2CDF38FA-70A7-4484-A823-6AA9496DAA1E}.Debug|Any CPU.Build.0 = Debug|Any CPU
		{2CDF38FA-70A7-4484-A823-6AA9496DAA1E}.Release|Any CPU.ActiveCfg = Release|Any CPU
		{2CDF38FA-70A7-4484-A823-6AA9496DAA1E}.Release|Any CPU.Build.0 = Release|Any CPU
		{1FC312C5-949C-49AB-8BB6-3EB975B56DBB}.Debug|Any CPU.ActiveCfg = Debug|Any CPU
		{1FC312C5-949C-49AB-8BB6-3EB975B56DBB}.Debug|Any CPU.Build.0 = Debug|Any CPU
		{1FC312C5-949C-49AB-8BB6-3EB975B56DBB}.Release|Any CPU.ActiveCfg = Release|Any CPU
		{1FC312C5-949C-49AB-8BB6-3EB975B56DBB}.Release|Any CPU.Build.0 = Release|Any CPU
	EndGlobalSection
	GlobalSection(SolutionProperties) = preSolution
		HideSolutionNode = FALSE
	EndGlobalSection
	GlobalSection(NestedProjects) = preSolution
		{3904937C-B2FF-4E48-B3E9-DD6692D48783} = {2F13A50B-6DBD-483D-91BC-ADC9086253AB}
		{95B2649F-949C-4DD1-AE85-326500C6896D} = {2F13A50B-6DBD-483D-91BC-ADC9086253AB}
		{FE3F3BD8-7E77-43D7-825B-955CC92E83F5} = {2F13A50B-6DBD-483D-91BC-ADC9086253AB}
		{92739D25-5849-47A1-A0C8-F2AC22699619} = {2F13A50B-6DBD-483D-91BC-ADC9086253AB}
		{24600BD9-CE1B-4652-9549-106568429179} = {4D6EED34-F260-4BE0-8FD5-A234383A812F}
		{A69FBA5D-4685-44F6-AF01-09AE582F53E9} = {4D6EED34-F260-4BE0-8FD5-A234383A812F}
		{167BEA87-D51B-48FD-8FA7-ECFA9C36FDA9} = {4D6EED34-F260-4BE0-8FD5-A234383A812F}
		{BD5A7B50-6138-4144-B629-12046CFCD626} = {4D6EED34-F260-4BE0-8FD5-A234383A812F}
		{88CBCFFF-90D3-4B32-A6D7-A9A73306FDDF} = {4D6EED34-F260-4BE0-8FD5-A234383A812F}
		{77F6D615-9F43-4232-9EC7-58AC549F7139} = {4887F087-D9FE-4B63-BF75-C429EE432975}
		{64FAF04C-88B8-482C-80FE-96691E06B8D5} = {4887F087-D9FE-4B63-BF75-C429EE432975}
		{D42B5688-12D6-4147-B6A5-DBDDE9C3A68A} = {4887F087-D9FE-4B63-BF75-C429EE432975}
		{53FC968F-75A3-405F-B16A-496A3B07485F} = {4887F087-D9FE-4B63-BF75-C429EE432975}
		{B163F6D8-AE60-4662-B4EE-E3B60AE8D661} = {4887F087-D9FE-4B63-BF75-C429EE432975}
		{AC2AFD40-5C94-488E-90CE-1B168E1C38AF} = {91D0B035-E23D-4F39-9CAC-517D274192FF}
		{76E9EC61-726E-4170-85BF-D9C5F112747F} = {91D0B035-E23D-4F39-9CAC-517D274192FF}
		{83D2DB76-33DF-4F69-9728-5EDC7BFC3823} = {91D0B035-E23D-4F39-9CAC-517D274192FF}
		{2CDF38FA-70A7-4484-A823-6AA9496DAA1E} = {91D0B035-E23D-4F39-9CAC-517D274192FF}
		{1FC312C5-949C-49AB-8BB6-3EB975B56DBB} = {13EC8F01-088F-4D8D-86EA-F3E00FA5A35B}
	EndGlobalSection
	GlobalSection(ExtensibilityGlobals) = postSolution
		SolutionGuid = {D45D446F-C6CE-41BE-90D9-AEDAC355F137}
	EndGlobalSection
EndGlobal
