
Microsoft Visual Studio Solution File, Format Version 12.00
# Visual Studio Version 17
VisualStudioVersion = 17.5.002.0
MinimumVisualStudioVersion = 10.0.40219.1
Project("{9A19103F-16F7-4668-BE54-9A1E7A4F7556}") = "Prep2", "Prep2\Prep2.csproj", "{066B85F8-2089-473E-BA72-7F963720C15B}"
EndProject
Project("{9A19103F-16F7-4668-BE54-9A1E7A4F7556}") = "Prep1", "Prep1\Prep1.csproj", "{A8C72AE7-9C64-448C-80E9-0BA7126900A8}"
EndProject
Project("{9A19103F-16F7-4668-BE54-9A1E7A4F7556}") = "Prep3", "Prep3\Prep3.csproj", "{11426E1D-1E20-445D-A568-763A7B52FD7B}"
EndProject
Project("{9A19103F-16F7-4668-BE54-9A1E7A4F7556}") = "Prep4", "Prep4\Prep4.csproj", "{F08963B8-4BED-4922-ABE3-323CAE286FBC}"
EndProject
Project("{9A19103F-16F7-4668-BE54-9A1E7A4F7556}") = "Prep5", "Prep5\Prep5.csproj", "{076602B9-12F1-439F-A6C7-E6DBE1CE3E86}"
EndProject
Global
	GlobalSection(SolutionConfigurationPlatforms) = preSolution
		Debug|Any CPU = Debug|Any CPU
		Release|Any CPU = Release|Any CPU
	EndGlobalSection
	GlobalSection(ProjectConfigurationPlatforms) = postSolution
		{066B85F8-2089-473E-BA72-7F963720C15B}.Debug|Any CPU.ActiveCfg = Debug|Any CPU
		{066B85F8-2089-473E-BA72-7F963720C15B}.Debug|Any CPU.Build.0 = Debug|Any CPU
		{066B85F8-2089-473E-BA72-7F963720C15B}.Release|Any CPU.ActiveCfg = Release|Any CPU
		{066B85F8-2089-473E-BA72-7F963720C15B}.Release|Any CPU.Build.0 = Release|Any CPU
		{A8C72AE7-9C64-448C-80E9-0BA7126900A8}.Debug|Any CPU.ActiveCfg = Debug|Any CPU
		{A8C72AE7-9C64-448C-80E9-0BA7126900A8}.Debug|Any CPU.Build.0 = Debug|Any CPU
		{A8C72AE7-9C64-448C-80E9-0BA7126900A8}.Release|Any CPU.ActiveCfg = Release|Any CPU
		{A8C72AE7-9C64-448C-80E9-0BA7126900A8}.Release|Any CPU.Build.0 = Release|Any CPU
		{11426E1D-1E20-445D-A568-763A7B52FD7B}.Debug|Any CPU.ActiveCfg = Debug|Any CPU
		{11426E1D-1E20-445D-A568-763A7B52FD7B}.Debug|Any CPU.Build.0 = Debug|Any CPU
		{11426E1D-1E20-445D-A568-763A7B52FD7B}.Release|Any CPU.ActiveCfg = Release|Any CPU
		{11426E1D-1E20-445D-A568-763A7B52FD7B}.Release|Any CPU.Build.0 = Release|Any CPU
		{F08963B8-4BED-4922-ABE3-323CAE286FBC}.Debug|Any CPU.ActiveCfg = Debug|Any CPU
		{F08963B8-4BED-4922-ABE3-323CAE286FBC}.Debug|Any CPU.Build.0 = Debug|Any CPU
		{F08963B8-4BED-4922-ABE3-323CAE286FBC}.Release|Any CPU.ActiveCfg = Release|Any CPU
		{F08963B8-4BED-4922-ABE3-323CAE286FBC}.Release|Any CPU.Build.0 = Release|Any CPU
		{076602B9-12F1-439F-A6C7-E6DBE1CE3E86}.Debug|Any CPU.ActiveCfg = Debug|Any CPU
		{076602B9-12F1-439F-A6C7-E6DBE1CE3E86}.Debug|Any CPU.Build.0 = Debug|Any CPU
		{076602B9-12F1-439F-A6C7-E6DBE1CE3E86}.Release|Any CPU.ActiveCfg = Release|Any CPU
		{076602B9-12F1-439F-A6C7-E6DBE1CE3E86}.Release|Any CPU.Build.0 = Release|Any CPU
	EndGlobalSection
	GlobalSection(SolutionProperties) = preSolution
		HideSolutionNode = FALSE
	EndGlobalSection
	GlobalSection(ExtensibilityGlobals) = postSolution
		SolutionGuid = {2232BBD4-E57B-454A-B414-D505D41CEF9E}
	EndGlobalSection
EndGlobal
